
Microsoft Visual Studio Solution File, Format Version 12.00
# Visual Studio Version 17
VisualStudioVersion = 17.8.34408.163
MinimumVisualStudioVersion = 10.0.40219.1
Project("{8BC9CEB8-8B4A-11D0-8D11-00A0C91BC942}") = "ALL_BUILD", "ALL_BUILD.vcxproj", "{B47E8D26-E4AA-32B9-9C19-57506EAAA801}"
	ProjectSection(ProjectDependencies) = postProject
		{D96E140D-3DE1-3F2A-ACA0-591942C55D5A} = {D96E140D-3DE1-3F2A-ACA0-591942C55D5A}
		{0B56C211-91FD-3ACF-A0F7-B21E0BC92C5E} = {0B56C211-91FD-3ACF-A0F7-B21E0BC92C5E}
		{4A8FEC30-DC63-3EB4-9B63-487C5F1B0CBC} = {4A8FEC30-DC63-3EB4-9B63-487C5F1B0CBC}
		{0A922446-A1A0-3BE2-800A-3D5979AD3E87} = {0A922446-A1A0-3BE2-800A-3D5979AD3E87}
		{81002CD8-DF0B-3A1B-81A6-15BE0E02EEED} = {81002CD8-DF0B-3A1B-81A6-15BE0E02EEED}
		{DC67F684-402F-32DC-BB23-FBE72640F7C2} = {DC67F684-402F-32DC-BB23-FBE72640F7C2}
		{253AFEB2-EB9B-3444-9FEE-4538E9572A09} = {253AFEB2-EB9B-3444-9FEE-4538E9572A09}
		{767BF84D-1AC4-3884-ADE8-D98245D5671A} = {767BF84D-1AC4-3884-ADE8-D98245D5671A}
		{21632116-4FB8-39FB-AB5A-9623AEA3B9B0} = {21632116-4FB8-39FB-AB5A-9623AEA3B9B0}
		{D3267981-5EA6-3E07-9FCF-796EF9F83C29} = {D3267981-5EA6-3E07-9FCF-796EF9F83C29}
		{11DD6D86-4AE6-37C5-8929-F49E228519DF} = {11DD6D86-4AE6-37C5-8929-F49E228519DF}
		{DC645478-CBDE-39F5-A297-B30243731512} = {DC645478-CBDE-39F5-A297-B30243731512}
		{169DE3F1-0315-30A9-B4F6-FC033D8CD55E} = {169DE3F1-0315-30A9-B4F6-FC033D8CD55E}
		{32D0C42A-9C57-382C-8098-E28CB1B995FD} = {32D0C42A-9C57-382C-8098-E28CB1B995FD}
	EndProjectSection
EndProject
Project("{8BC9CEB8-8B4A-11D0-8D11-00A0C91BC942}") = "INSTALL", "INSTALL.vcxproj", "{ABB6FE0D-31BA-3BF1-B303-341074265AD7}"
	ProjectSection(ProjectDependencies) = postProject
		{B47E8D26-E4AA-32B9-9C19-57506EAAA801} = {B47E8D26-E4AA-32B9-9C19-57506EAAA801}
		{D96E140D-3DE1-3F2A-ACA0-591942C55D5A} = {D96E140D-3DE1-3F2A-ACA0-591942C55D5A}
	EndProjectSection
EndProject
Project("{8BC9CEB8-8B4A-11D0-8D11-00A0C91BC942}") = "ZERO_CHECK", "ZERO_CHECK.vcxproj", "{D96E140D-3DE1-3F2A-ACA0-591942C55D5A}"
EndProject
Project("{8BC9CEB8-8B4A-11D0-8D11-00A0C91BC942}") = "all_unity", "examples\all_unity.vcxproj", "{5B20F21A-C7FF-3FF3-B21C-DBA778DCFBC8}"
	ProjectSection(ProjectDependencies) = postProject
		{D96E140D-3DE1-3F2A-ACA0-591942C55D5A} = {D96E140D-3DE1-3F2A-ACA0-591942C55D5A}
		{5A439545-B3C5-3262-81BE-A9893B4AFA0D} = {5A439545-B3C5-3262-81BE-A9893B4AFA0D}
		{686045C6-19BF-347B-BEA7-29A1AA12CC65} = {686045C6-19BF-347B-BEA7-29A1AA12CC65}
		{5BDA31F6-C3E6-3F78-8EA5-AB79837C169F} = {5BDA31F6-C3E6-3F78-8EA5-AB79837C169F}
		{C2AA8808-7F47-3201-95C8-16D575AB9A6D} = {C2AA8808-7F47-3201-95C8-16D575AB9A6D}
		{1924F8A7-17AF-3219-B656-44D7F646AAAE} = {1924F8A7-17AF-3219-B656-44D7F646AAAE}
		{F63A2567-952B-3A23-9CD9-EB8B3847E35A} = {F63A2567-952B-3A23-9CD9-EB8B3847E35A}
		{329A7327-806B-3903-9697-FF5621628E4D} = {329A7327-806B-3903-9697-FF5621628E4D}
		{719BAC9C-8064-32A6-8ED0-EED5FBADE980} = {719BAC9C-8064-32A6-8ED0-EED5FBADE980}
		{C135A65C-1A74-3737-9E6D-78A0BB47D200} = {C135A65C-1A74-3737-9E6D-78A0BB47D200}
		{27E620D8-3039-3222-8214-C96885639A1F} = {27E620D8-3039-3222-8214-C96885639A1F}
		{197A682A-3791-308A-B20E-07E0C93CE883} = {197A682A-3791-308A-B20E-07E0C93CE883}
		{579A05BA-BD2D-36E9-91C3-90C5CC6B52FA} = {579A05BA-BD2D-36E9-91C3-90C5CC6B52FA}
		{AA866461-01C3-34D0-9044-0913215D3B5E} = {AA866461-01C3-34D0-9044-0913215D3B5E}
	EndProjectSection
EndProject
Project("{8BC9CEB8-8B4A-11D0-8D11-00A0C91BC942}") = "benchmarks_all", "examples\benchmarks_all.vcxproj", "{0B56C211-91FD-3ACF-A0F7-B21E0BC92C5E}"
	ProjectSection(ProjectDependencies) = postProject
		{D96E140D-3DE1-3F2A-ACA0-591942C55D5A} = {D96E140D-3DE1-3F2A-ACA0-591942C55D5A}
	EndProjectSection
EndProject
Project("{8BC9CEB8-8B4A-11D0-8D11-00A0C91BC942}") = "benchmarks_all_unity", "examples\benchmarks_all_unity.vcxproj", "{5A439545-B3C5-3262-81BE-A9893B4AFA0D}"
	ProjectSection(ProjectDependencies) = postProject
		{D96E140D-3DE1-3F2A-ACA0-591942C55D5A} = {D96E140D-3DE1-3F2A-ACA0-591942C55D5A}
	EndProjectSection
EndProject
Project("{8BC9CEB8-8B4A-11D0-8D11-00A0C91BC942}") = "clean_cotire", "examples\clean_cotire.vcxproj", "{C9BD461B-A67E-37A2-8DB5-B792BD360E3D}"
	ProjectSection(ProjectDependencies) = postProject
		{D96E140D-3DE1-3F2A-ACA0-591942C55D5A} = {D96E140D-3DE1-3F2A-ACA0-591942C55D5A}
	EndProjectSection
EndProject
Project("{8BC9CEB8-8B4A-11D0-8D11-00A0C91BC942}") = "example_cifar_test", "examples\example_cifar_test.vcxproj", "{4A8FEC30-DC63-3EB4-9B63-487C5F1B0CBC}"
	ProjectSection(ProjectDependencies) = postProject
		{D96E140D-3DE1-3F2A-ACA0-591942C55D5A} = {D96E140D-3DE1-3F2A-ACA0-591942C55D5A}
	EndProjectSection
EndProject
Project("{8BC9CEB8-8B4A-11D0-8D11-00A0C91BC942}") = "example_cifar_test_unity", "examples\example_cifar_test_unity.vcxproj", "{686045C6-19BF-347B-BEA7-29A1AA12CC65}"
	ProjectSection(ProjectDependencies) = postProject
		{D96E140D-3DE1-3F2A-ACA0-591942C55D5A} = {D96E140D-3DE1-3F2A-ACA0-591942C55D5A}
	EndProjectSection
EndProject
Project("{8BC9CEB8-8B4A-11D0-8D11-00A0C91BC942}") = "example_cifar_train", "examples\example_cifar_train.vcxproj", "{0A922446-A1A0-3BE2-800A-3D5979AD3E87}"
	ProjectSection(ProjectDependencies) = postProject
		{D96E140D-3DE1-3F2A-ACA0-591942C55D5A} = {D96E140D-3DE1-3F2A-ACA0-591942C55D5A}
	EndProjectSection
EndProject
Project("{8BC9CEB8-8B4A-11D0-8D11-00A0C91BC942}") = "example_cifar_train_unity", "examples\example_cifar_train_unity.vcxproj", "{5BDA31F6-C3E6-3F78-8EA5-AB79837C169F}"
	ProjectSection(ProjectDependencies) = postProject
		{D96E140D-3DE1-3F2A-ACA0-591942C55D5A} = {D96E140D-3DE1-3F2A-ACA0-591942C55D5A}
	EndProjectSection
EndProject
Project("{8BC9CEB8-8B4A-11D0-8D11-00A0C91BC942}") = "example_deconv_train", "examples\example_deconv_train.vcxproj", "{81002CD8-DF0B-3A1B-81A6-15BE0E02EEED}"
	ProjectSection(ProjectDependencies) = postProject
		{D96E140D-3DE1-3F2A-ACA0-591942C55D5A} = {D96E140D-3DE1-3F2A-ACA0-591942C55D5A}
	EndProjectSection
EndProject
Project("{8BC9CEB8-8B4A-11D0-8D11-00A0C91BC942}") = "example_deconv_train_unity", "examples\example_deconv_train_unity.vcxproj", "{C2AA8808-7F47-3201-95C8-16D575AB9A6D}"
	ProjectSection(ProjectDependencies) = postProject
		{D96E140D-3DE1-3F2A-ACA0-591942C55D5A} = {D96E140D-3DE1-3F2A-ACA0-591942C55D5A}
	EndProjectSection
EndProject
Project("{8BC9CEB8-8B4A-11D0-8D11-00A0C91BC942}") = "example_deconv_visual", "examples\example_deconv_visual.vcxproj", "{DC67F684-402F-32DC-BB23-FBE72640F7C2}"
	ProjectSection(ProjectDependencies) = postProject
		{D96E140D-3DE1-3F2A-ACA0-591942C55D5A} = {D96E140D-3DE1-3F2A-ACA0-591942C55D5A}
	EndProjectSection
EndProject
Project("{8BC9CEB8-8B4A-11D0-8D11-00A0C91BC942}") = "example_deconv_visual_unity", "examples\example_deconv_visual_unity.vcxproj", "{1924F8A7-17AF-3219-B656-44D7F646AAAE}"
	ProjectSection(ProjectDependencies) = postProject
		{D96E140D-3DE1-3F2A-ACA0-591942C55D5A} = {D96E140D-3DE1-3F2A-ACA0-591942C55D5A}
	EndProjectSection
EndProject
Project("{8BC9CEB8-8B4A-11D0-8D11-00A0C91BC942}") = "example_mnist_quantized_train", "examples\example_mnist_quantized_train.vcxproj", "{253AFEB2-EB9B-3444-9FEE-4538E9572A09}"
	ProjectSection(ProjectDependencies) = postProject
		{D96E140D-3DE1-3F2A-ACA0-591942C55D5A} = {D96E140D-3DE1-3F2A-ACA0-591942C55D5A}
	EndProjectSection
EndProject
Project("{8BC9CEB8-8B4A-11D0-8D11-00A0C91BC942}") = "example_mnist_quantized_train_unity", "examples\example_mnist_quantized_train_unity.vcxproj", "{F63A2567-952B-3A23-9CD9-EB8B3847E35A}"
	ProjectSection(ProjectDependencies) = postProject
		{D96E140D-3DE1-3F2A-ACA0-591942C55D5A} = {D96E140D-3DE1-3F2A-ACA0-591942C55D5A}
	EndProjectSection
EndProject
Project("{8BC9CEB8-8B4A-11D0-8D11-00A0C91BC942}") = "example_mnist_test", "examples\example_mnist_test.vcxproj", "{767BF84D-1AC4-3884-ADE8-D98245D5671A}"
	ProjectSection(ProjectDependencies) = postProject
		{D96E140D-3DE1-3F2A-ACA0-591942C55D5A} = {D96E140D-3DE1-3F2A-ACA0-591942C55D5A}
	EndProjectSection
EndProject
Project("{8BC9CEB8-8B4A-11D0-8D11-00A0C91BC942}") = "example_mnist_test_unity", "examples\example_mnist_test_unity.vcxproj", "{329A7327-806B-3903-9697-FF5621628E4D}"
	ProjectSection(ProjectDependencies) = postProject
		{D96E140D-3DE1-3F2A-ACA0-591942C55D5A} = {D96E140D-3DE1-3F2A-ACA0-591942C55D5A}
	EndProjectSection
EndProject
Project("{8BC9CEB8-8B4A-11D0-8D11-00A0C91BC942}") = "example_mnist_train", "examples\example_mnist_train.vcxproj", "{21632116-4FB8-39FB-AB5A-9623AEA3B9B0}"
	ProjectSection(ProjectDependencies) = postProject
		{D96E140D-3DE1-3F2A-ACA0-591942C55D5A} = {D96E140D-3DE1-3F2A-ACA0-591942C55D5A}
	EndProjectSection
EndProject
Project("{8BC9CEB8-8B4A-11D0-8D11-00A0C91BC942}") = "example_mnist_train_unity", "examples\example_mnist_train_unity.vcxproj", "{719BAC9C-8064-32A6-8ED0-EED5FBADE980}"
	ProjectSection(ProjectDependencies) = postProject
		{D96E140D-3DE1-3F2A-ACA0-591942C55D5A} = {D96E140D-3DE1-3F2A-ACA0-591942C55D5A}
	EndProjectSection
EndProject
Project("{8BC9CEB8-8B4A-11D0-8D11-00A0C91BC942}") = "example_recurrent_addition", "examples\example_recurrent_addition.vcxproj", "{D3267981-5EA6-3E07-9FCF-796EF9F83C29}"
	ProjectSection(ProjectDependencies) = postProject
		{D96E140D-3DE1-3F2A-ACA0-591942C55D5A} = {D96E140D-3DE1-3F2A-ACA0-591942C55D5A}
	EndProjectSection
EndProject
Project("{8BC9CEB8-8B4A-11D0-8D11-00A0C91BC942}") = "example_recurrent_addition_unity", "examples\example_recurrent_addition_unity.vcxproj", "{C135A65C-1A74-3737-9E6D-78A0BB47D200}"
	ProjectSection(ProjectDependencies) = postProject
		{D96E140D-3DE1-3F2A-ACA0-591942C55D5A} = {D96E140D-3DE1-3F2A-ACA0-591942C55D5A}
	EndProjectSection
EndProject
Project("{8BC9CEB8-8B4A-11D0-8D11-00A0C91BC942}") = "example_sinus_fit", "examples\example_sinus_fit.vcxproj", "{11DD6D86-4AE6-37C5-8929-F49E228519DF}"
	ProjectSection(ProjectDependencies) = postProject
		{D96E140D-3DE1-3F2A-ACA0-591942C55D5A} = {D96E140D-3DE1-3F2A-ACA0-591942C55D5A}
	EndProjectSection
EndProject
Project("{8BC9CEB8-8B4A-11D0-8D11-00A0C91BC942}") = "example_sinus_fit_unity", "examples\example_sinus_fit_unity.vcxproj", "{27E620D8-3039-3222-8214-C96885639A1F}"
	ProjectSection(ProjectDependencies) = postProject
		{D96E140D-3DE1-3F2A-ACA0-591942C55D5A} = {D96E140D-3DE1-3F2A-ACA0-591942C55D5A}
	EndProjectSection
EndProject
Project("{8BC9CEB8-8B4A-11D0-8D11-00A0C91BC942}") = "example_ssd_test", "examples\example_ssd_test.vcxproj", "{DC645478-CBDE-39F5-A297-B30243731512}"
	ProjectSection(ProjectDependencies) = postProject
		{D96E140D-3DE1-3F2A-ACA0-591942C55D5A} = {D96E140D-3DE1-3F2A-ACA0-591942C55D5A}
	EndProjectSection
EndProject
Project("{8BC9CEB8-8B4A-11D0-8D11-00A0C91BC942}") = "example_ssd_test_unity", "examples\example_ssd_test_unity.vcxproj", "{197A682A-3791-308A-B20E-07E0C93CE883}"
	ProjectSection(ProjectDependencies) = postProject
		{D96E140D-3DE1-3F2A-ACA0-591942C55D5A} = {D96E140D-3DE1-3F2A-ACA0-591942C55D5A}
	EndProjectSection
EndProject
Project("{8BC9CEB8-8B4A-11D0-8D11-00A0C91BC942}") = "example_test_char_rnn", "examples\example_test_char_rnn.vcxproj", "{169DE3F1-0315-30A9-B4F6-FC033D8CD55E}"
	ProjectSection(ProjectDependencies) = postProject
		{D96E140D-3DE1-3F2A-ACA0-591942C55D5A} = {D96E140D-3DE1-3F2A-ACA0-591942C55D5A}
	EndProjectSection
EndProject
Project("{8BC9CEB8-8B4A-11D0-8D11-00A0C91BC942}") = "example_test_char_rnn_unity", "examples\example_test_char_rnn_unity.vcxproj", "{579A05BA-BD2D-36E9-91C3-90C5CC6B52FA}"
	ProjectSection(ProjectDependencies) = postProject
		{D96E140D-3DE1-3F2A-ACA0-591942C55D5A} = {D96E140D-3DE1-3F2A-ACA0-591942C55D5A}
	EndProjectSection
EndProject
Project("{8BC9CEB8-8B4A-11D0-8D11-00A0C91BC942}") = "example_train_char_rnn", "examples\example_train_char_rnn.vcxproj", "{32D0C42A-9C57-382C-8098-E28CB1B995FD}"
	ProjectSection(ProjectDependencies) = postProject
		{D96E140D-3DE1-3F2A-ACA0-591942C55D5A} = {D96E140D-3DE1-3F2A-ACA0-591942C55D5A}
	EndProjectSection
EndProject
Project("{8BC9CEB8-8B4A-11D0-8D11-00A0C91BC942}") = "example_train_char_rnn_unity", "examples\example_train_char_rnn_unity.vcxproj", "{AA866461-01C3-34D0-9044-0913215D3B5E}"
	ProjectSection(ProjectDependencies) = postProject
		{D96E140D-3DE1-3F2A-ACA0-591942C55D5A} = {D96E140D-3DE1-3F2A-ACA0-591942C55D5A}
	EndProjectSection
EndProject
Project("{8BC9CEB8-8B4A-11D0-8D11-00A0C91BC942}") = "uninstall", "uninstall.vcxproj", "{1C1F110F-1312-3D9A-85C6-84C7FD2F4A4B}"
	ProjectSection(ProjectDependencies) = postProject
		{D96E140D-3DE1-3F2A-ACA0-591942C55D5A} = {D96E140D-3DE1-3F2A-ACA0-591942C55D5A}
	EndProjectSection
EndProject
Project("{8BC9CEB8-8B4A-11D0-8D11-00A0C91BC942}") = "console_train", "examples\console_train\console_train.vcxproj", "{B673C091-FE9D-403D-9CC0-B25E68E9FDC4}"
EndProject
Global
	GlobalSection(SolutionConfigurationPlatforms) = preSolution
		Debug|x64 = Debug|x64
		Debug|x86 = Debug|x86
		MinSizeRel|x64 = MinSizeRel|x64
		MinSizeRel|x86 = MinSizeRel|x86
		Release|x64 = Release|x64
		Release|x86 = Release|x86
		RelWithDebInfo|x64 = RelWithDebInfo|x64
		RelWithDebInfo|x86 = RelWithDebInfo|x86
	EndGlobalSection
	GlobalSection(ProjectConfigurationPlatforms) = postSolution
		{B47E8D26-E4AA-32B9-9C19-57506EAAA801}.Debug|x64.ActiveCfg = Debug|x64
		{B47E8D26-E4AA-32B9-9C19-57506EAAA801}.Debug|x64.Build.0 = Debug|x64
		{B47E8D26-E4AA-32B9-9C19-57506EAAA801}.Debug|x86.ActiveCfg = Debug|x64
		{B47E8D26-E4AA-32B9-9C19-57506EAAA801}.Debug|x86.Build.0 = Debug|x64
		{B47E8D26-E4AA-32B9-9C19-57506EAAA801}.MinSizeRel|x64.ActiveCfg = MinSizeRel|x64
		{B47E8D26-E4AA-32B9-9C19-57506EAAA801}.MinSizeRel|x64.Build.0 = MinSizeRel|x64
		{B47E8D26-E4AA-32B9-9C19-57506EAAA801}.MinSizeRel|x86.ActiveCfg = MinSizeRel|x64
		{B47E8D26-E4AA-32B9-9C19-57506EAAA801}.MinSizeRel|x86.Build.0 = MinSizeRel|x64
		{B47E8D26-E4AA-32B9-9C19-57506EAAA801}.Release|x64.ActiveCfg = Release|x64
		{B47E8D26-E4AA-32B9-9C19-57506EAAA801}.Release|x64.Build.0 = Release|x64
		{B47E8D26-E4AA-32B9-9C19-57506EAAA801}.Release|x86.ActiveCfg = Release|x64
		{B47E8D26-E4AA-32B9-9C19-57506EAAA801}.Release|x86.Build.0 = Release|x64
		{B47E8D26-E4AA-32B9-9C19-57506EAAA801}.RelWithDebInfo|x64.ActiveCfg = RelWithDebInfo|x64
		{B47E8D26-E4AA-32B9-9C19-57506EAAA801}.RelWithDebInfo|x64.Build.0 = RelWithDebInfo|x64
		{B47E8D26-E4AA-32B9-9C19-57506EAAA801}.RelWithDebInfo|x86.ActiveCfg = RelWithDebInfo|x64
		{B47E8D26-E4AA-32B9-9C19-57506EAAA801}.RelWithDebInfo|x86.Build.0 = RelWithDebInfo|x64
		{ABB6FE0D-31BA-3BF1-B303-341074265AD7}.Debug|x64.ActiveCfg = Debug|x64
		{ABB6FE0D-31BA-3BF1-B303-341074265AD7}.Debug|x86.ActiveCfg = Debug|x64
		{ABB6FE0D-31BA-3BF1-B303-341074265AD7}.Debug|x86.Build.0 = Debug|x64
		{ABB6FE0D-31BA-3BF1-B303-341074265AD7}.MinSizeRel|x64.ActiveCfg = MinSizeRel|x64
		{ABB6FE0D-31BA-3BF1-B303-341074265AD7}.MinSizeRel|x86.ActiveCfg = MinSizeRel|x64
		{ABB6FE0D-31BA-3BF1-B303-341074265AD7}.MinSizeRel|x86.Build.0 = MinSizeRel|x64
		{ABB6FE0D-31BA-3BF1-B303-341074265AD7}.Release|x64.ActiveCfg = Release|x64
		{ABB6FE0D-31BA-3BF1-B303-341074265AD7}.Release|x86.ActiveCfg = Release|x64
		{ABB6FE0D-31BA-3BF1-B303-341074265AD7}.Release|x86.Build.0 = Release|x64
		{ABB6FE0D-31BA-3BF1-B303-341074265AD7}.RelWithDebInfo|x64.ActiveCfg = RelWithDebInfo|x64
		{ABB6FE0D-31BA-3BF1-B303-341074265AD7}.RelWithDebInfo|x86.ActiveCfg = RelWithDebInfo|x64
		{ABB6FE0D-31BA-3BF1-B303-341074265AD7}.RelWithDebInfo|x86.Build.0 = RelWithDebInfo|x64
		{D96E140D-3DE1-3F2A-ACA0-591942C55D5A}.Debug|x64.ActiveCfg = Debug|x64
		{D96E140D-3DE1-3F2A-ACA0-591942C55D5A}.Debug|x64.Build.0 = Debug|x64
		{D96E140D-3DE1-3F2A-ACA0-591942C55D5A}.Debug|x86.ActiveCfg = Debug|x64
		{D96E140D-3DE1-3F2A-ACA0-591942C55D5A}.Debug|x86.Build.0 = Debug|x64
		{D96E140D-3DE1-3F2A-ACA0-591942C55D5A}.MinSizeRel|x64.ActiveCfg = MinSizeRel|x64
		{D96E140D-3DE1-3F2A-ACA0-591942C55D5A}.MinSizeRel|x64.Build.0 = MinSizeRel|x64
		{D96E140D-3DE1-3F2A-ACA0-591942C55D5A}.MinSizeRel|x86.ActiveCfg = MinSizeRel|x64
		{D96E140D-3DE1-3F2A-ACA0-591942C55D5A}.MinSizeRel|x86.Build.0 = MinSizeRel|x64
		{D96E140D-3DE1-3F2A-ACA0-591942C55D5A}.Release|x64.ActiveCfg = Release|x64
		{D96E140D-3DE1-3F2A-ACA0-591942C55D5A}.Release|x64.Build.0 = Release|x64
		{D96E140D-3DE1-3F2A-ACA0-591942C55D5A}.Release|x86.ActiveCfg = Release|x64
		{D96E140D-3DE1-3F2A-ACA0-591942C55D5A}.Release|x86.Build.0 = Release|x64
		{D96E140D-3DE1-3F2A-ACA0-591942C55D5A}.RelWithDebInfo|x64.ActiveCfg = RelWithDebInfo|x64
		{D96E140D-3DE1-3F2A-ACA0-591942C55D5A}.RelWithDebInfo|x64.Build.0 = RelWithDebInfo|x64
		{D96E140D-3DE1-3F2A-ACA0-591942C55D5A}.RelWithDebInfo|x86.ActiveCfg = RelWithDebInfo|x64
		{D96E140D-3DE1-3F2A-ACA0-591942C55D5A}.RelWithDebInfo|x86.Build.0 = RelWithDebInfo|x64
		{5B20F21A-C7FF-3FF3-B21C-DBA778DCFBC8}.Debug|x64.ActiveCfg = Debug|x64
		{5B20F21A-C7FF-3FF3-B21C-DBA778DCFBC8}.Debug|x86.ActiveCfg = Debug|x64
		{5B20F21A-C7FF-3FF3-B21C-DBA778DCFBC8}.Debug|x86.Build.0 = Debug|x64
		{5B20F21A-C7FF-3FF3-B21C-DBA778DCFBC8}.MinSizeRel|x64.ActiveCfg = MinSizeRel|x64
		{5B20F21A-C7FF-3FF3-B21C-DBA778DCFBC8}.MinSizeRel|x86.ActiveCfg = MinSizeRel|x64
		{5B20F21A-C7FF-3FF3-B21C-DBA778DCFBC8}.MinSizeRel|x86.Build.0 = MinSizeRel|x64
		{5B20F21A-C7FF-3FF3-B21C-DBA778DCFBC8}.Release|x64.ActiveCfg = Release|x64
		{5B20F21A-C7FF-3FF3-B21C-DBA778DCFBC8}.Release|x86.ActiveCfg = Release|x64
		{5B20F21A-C7FF-3FF3-B21C-DBA778DCFBC8}.Release|x86.Build.0 = Release|x64
		{5B20F21A-C7FF-3FF3-B21C-DBA778DCFBC8}.RelWithDebInfo|x64.ActiveCfg = RelWithDebInfo|x64
		{5B20F21A-C7FF-3FF3-B21C-DBA778DCFBC8}.RelWithDebInfo|x86.ActiveCfg = RelWithDebInfo|x64
		{5B20F21A-C7FF-3FF3-B21C-DBA778DCFBC8}.RelWithDebInfo|x86.Build.0 = RelWithDebInfo|x64
		{0B56C211-91FD-3ACF-A0F7-B21E0BC92C5E}.Debug|x64.ActiveCfg = Debug|x64
		{0B56C211-91FD-3ACF-A0F7-B21E0BC92C5E}.Debug|x64.Build.0 = Debug|x64
		{0B56C211-91FD-3ACF-A0F7-B21E0BC92C5E}.Debug|x86.ActiveCfg = Debug|x64
		{0B56C211-91FD-3ACF-A0F7-B21E0BC92C5E}.Debug|x86.Build.0 = Debug|x64
		{0B56C211-91FD-3ACF-A0F7-B21E0BC92C5E}.MinSizeRel|x64.ActiveCfg = MinSizeRel|x64
		{0B56C211-91FD-3ACF-A0F7-B21E0BC92C5E}.MinSizeRel|x64.Build.0 = MinSizeRel|x64
		{0B56C211-91FD-3ACF-A0F7-B21E0BC92C5E}.MinSizeRel|x86.ActiveCfg = MinSizeRel|x64
		{0B56C211-91FD-3ACF-A0F7-B21E0BC92C5E}.MinSizeRel|x86.Build.0 = MinSizeRel|x64
		{0B56C211-91FD-3ACF-A0F7-B21E0BC92C5E}.Release|x64.ActiveCfg = Release|x64
		{0B56C211-91FD-3ACF-A0F7-B21E0BC92C5E}.Release|x64.Build.0 = Release|x64
		{0B56C211-91FD-3ACF-A0F7-B21E0BC92C5E}.Release|x86.ActiveCfg = Release|x64
		{0B56C211-91FD-3ACF-A0F7-B21E0BC92C5E}.Release|x86.Build.0 = Release|x64
		{0B56C211-91FD-3ACF-A0F7-B21E0BC92C5E}.RelWithDebInfo|x64.ActiveCfg = RelWithDebInfo|x64
		{0B56C211-91FD-3ACF-A0F7-B21E0BC92C5E}.RelWithDebInfo|x64.Build.0 = RelWithDebInfo|x64
		{0B56C211-91FD-3ACF-A0F7-B21E0BC92C5E}.RelWithDebInfo|x86.ActiveCfg = RelWithDebInfo|x64
		{0B56C211-91FD-3ACF-A0F7-B21E0BC92C5E}.RelWithDebInfo|x86.Build.0 = RelWithDebInfo|x64
		{5A439545-B3C5-3262-81BE-A9893B4AFA0D}.Debug|x64.ActiveCfg = Debug|x64
		{5A439545-B3C5-3262-81BE-A9893B4AFA0D}.Debug|x86.ActiveCfg = Debug|x64
		{5A439545-B3C5-3262-81BE-A9893B4AFA0D}.Debug|x86.Build.0 = Debug|x64
		{5A439545-B3C5-3262-81BE-A9893B4AFA0D}.MinSizeRel|x64.ActiveCfg = MinSizeRel|x64
		{5A439545-B3C5-3262-81BE-A9893B4AFA0D}.MinSizeRel|x86.ActiveCfg = MinSizeRel|x64
		{5A439545-B3C5-3262-81BE-A9893B4AFA0D}.MinSizeRel|x86.Build.0 = MinSizeRel|x64
		{5A439545-B3C5-3262-81BE-A9893B4AFA0D}.Release|x64.ActiveCfg = Release|x64
		{5A439545-B3C5-3262-81BE-A9893B4AFA0D}.Release|x86.ActiveCfg = Release|x64
		{5A439545-B3C5-3262-81BE-A9893B4AFA0D}.Release|x86.Build.0 = Release|x64
		{5A439545-B3C5-3262-81BE-A9893B4AFA0D}.RelWithDebInfo|x64.ActiveCfg = RelWithDebInfo|x64
		{5A439545-B3C5-3262-81BE-A9893B4AFA0D}.RelWithDebInfo|x86.ActiveCfg = RelWithDebInfo|x64
		{5A439545-B3C5-3262-81BE-A9893B4AFA0D}.RelWithDebInfo|x86.Build.0 = RelWithDebInfo|x64
		{C9BD461B-A67E-37A2-8DB5-B792BD360E3D}.Debug|x64.ActiveCfg = Debug|x64
		{C9BD461B-A67E-37A2-8DB5-B792BD360E3D}.Debug|x86.ActiveCfg = Debug|x64
		{C9BD461B-A67E-37A2-8DB5-B792BD360E3D}.Debug|x86.Build.0 = Debug|x64
		{C9BD461B-A67E-37A2-8DB5-B792BD360E3D}.MinSizeRel|x64.ActiveCfg = MinSizeRel|x64
		{C9BD461B-A67E-37A2-8DB5-B792BD360E3D}.MinSizeRel|x86.ActiveCfg = MinSizeRel|x64
		{C9BD461B-A67E-37A2-8DB5-B792BD360E3D}.MinSizeRel|x86.Build.0 = MinSizeRel|x64
		{C9BD461B-A67E-37A2-8DB5-B792BD360E3D}.Release|x64.ActiveCfg = Release|x64
		{C9BD461B-A67E-37A2-8DB5-B792BD360E3D}.Release|x86.ActiveCfg = Release|x64
		{C9BD461B-A67E-37A2-8DB5-B792BD360E3D}.Release|x86.Build.0 = Release|x64
		{C9BD461B-A67E-37A2-8DB5-B792BD360E3D}.RelWithDebInfo|x64.ActiveCfg = RelWithDebInfo|x64
		{C9BD461B-A67E-37A2-8DB5-B792BD360E3D}.RelWithDebInfo|x86.ActiveCfg = RelWithDebInfo|x64
		{C9BD461B-A67E-37A2-8DB5-B792BD360E3D}.RelWithDebInfo|x86.Build.0 = RelWithDebInfo|x64
		{4A8FEC30-DC63-3EB4-9B63-487C5F1B0CBC}.Debug|x64.ActiveCfg = Debug|x64
		{4A8FEC30-DC63-3EB4-9B63-487C5F1B0CBC}.Debug|x64.Build.0 = Debug|x64
		{4A8FEC30-DC63-3EB4-9B63-487C5F1B0CBC}.Debug|x86.ActiveCfg = Debug|x64
		{4A8FEC30-DC63-3EB4-9B63-487C5F1B0CBC}.Debug|x86.Build.0 = Debug|x64
		{4A8FEC30-DC63-3EB4-9B63-487C5F1B0CBC}.MinSizeRel|x64.ActiveCfg = MinSizeRel|x64
		{4A8FEC30-DC63-3EB4-9B63-487C5F1B0CBC}.MinSizeRel|x64.Build.0 = MinSizeRel|x64
		{4A8FEC30-DC63-3EB4-9B63-487C5F1B0CBC}.MinSizeRel|x86.ActiveCfg = MinSizeRel|x64
		{4A8FEC30-DC63-3EB4-9B63-487C5F1B0CBC}.MinSizeRel|x86.Build.0 = MinSizeRel|x64
		{4A8FEC30-DC63-3EB4-9B63-487C5F1B0CBC}.Release|x64.ActiveCfg = Release|x64
		{4A8FEC30-DC63-3EB4-9B63-487C5F1B0CBC}.Release|x64.Build.0 = Release|x64
		{4A8FEC30-DC63-3EB4-9B63-487C5F1B0CBC}.Release|x86.ActiveCfg = Release|x64
		{4A8FEC30-DC63-3EB4-9B63-487C5F1B0CBC}.Release|x86.Build.0 = Release|x64
		{4A8FEC30-DC63-3EB4-9B63-487C5F1B0CBC}.RelWithDebInfo|x64.ActiveCfg = RelWithDebInfo|x64
		{4A8FEC30-DC63-3EB4-9B63-487C5F1B0CBC}.RelWithDebInfo|x64.Build.0 = RelWithDebInfo|x64
		{4A8FEC30-DC63-3EB4-9B63-487C5F1B0CBC}.RelWithDebInfo|x86.ActiveCfg = RelWithDebInfo|x64
		{4A8FEC30-DC63-3EB4-9B63-487C5F1B0CBC}.RelWithDebInfo|x86.Build.0 = RelWithDebInfo|x64
		{686045C6-19BF-347B-BEA7-29A1AA12CC65}.Debug|x64.ActiveCfg = Debug|x64
		{686045C6-19BF-347B-BEA7-29A1AA12CC65}.Debug|x86.ActiveCfg = Debug|x64
		{686045C6-19BF-347B-BEA7-29A1AA12CC65}.Debug|x86.Build.0 = Debug|x64
		{686045C6-19BF-347B-BEA7-29A1AA12CC65}.MinSizeRel|x64.ActiveCfg = MinSizeRel|x64
		{686045C6-19BF-347B-BEA7-29A1AA12CC65}.MinSizeRel|x86.ActiveCfg = MinSizeRel|x64
		{686045C6-19BF-347B-BEA7-29A1AA12CC65}.MinSizeRel|x86.Build.0 = MinSizeRel|x64
		{686045C6-19BF-347B-BEA7-29A1AA12CC65}.Release|x64.ActiveCfg = Release|x64
		{686045C6-19BF-347B-BEA7-29A1AA12CC65}.Release|x86.ActiveCfg = Release|x64
		{686045C6-19BF-347B-BEA7-29A1AA12CC65}.Release|x86.Build.0 = Release|x64
		{686045C6-19BF-347B-BEA7-29A1AA12CC65}.RelWithDebInfo|x64.ActiveCfg = RelWithDebInfo|x64
		{686045C6-19BF-347B-BEA7-29A1AA12CC65}.RelWithDebInfo|x86.ActiveCfg = RelWithDebInfo|x64
		{686045C6-19BF-347B-BEA7-29A1AA12CC65}.RelWithDebInfo|x86.Build.0 = RelWithDebInfo|x64
		{0A922446-A1A0-3BE2-800A-3D5979AD3E87}.Debug|x64.ActiveCfg = Debug|x64
		{0A922446-A1A0-3BE2-800A-3D5979AD3E87}.Debug|x64.Build.0 = Debug|x64
		{0A922446-A1A0-3BE2-800A-3D5979AD3E87}.Debug|x86.ActiveCfg = Debug|x64
		{0A922446-A1A0-3BE2-800A-3D5979AD3E87}.Debug|x86.Build.0 = Debug|x64
		{0A922446-A1A0-3BE2-800A-3D5979AD3E87}.MinSizeRel|x64.ActiveCfg = MinSizeRel|x64
		{0A922446-A1A0-3BE2-800A-3D5979AD3E87}.MinSizeRel|x64.Build.0 = MinSizeRel|x64
		{0A922446-A1A0-3BE2-800A-3D5979AD3E87}.MinSizeRel|x86.ActiveCfg = MinSizeRel|x64
		{0A922446-A1A0-3BE2-800A-3D5979AD3E87}.MinSizeRel|x86.Build.0 = MinSizeRel|x64
		{0A922446-A1A0-3BE2-800A-3D5979AD3E87}.Release|x64.ActiveCfg = Release|x64
		{0A922446-A1A0-3BE2-800A-3D5979AD3E87}.Release|x64.Build.0 = Release|x64
		{0A922446-A1A0-3BE2-800A-3D5979AD3E87}.Release|x86.ActiveCfg = Release|x64
		{0A922446-A1A0-3BE2-800A-3D5979AD3E87}.Release|x86.Build.0 = Release|x64
		{0A922446-A1A0-3BE2-800A-3D5979AD3E87}.RelWithDebInfo|x64.ActiveCfg = RelWithDebInfo|x64
		{0A922446-A1A0-3BE2-800A-3D5979AD3E87}.RelWithDebInfo|x64.Build.0 = RelWithDebInfo|x64
		{0A922446-A1A0-3BE2-800A-3D5979AD3E87}.RelWithDebInfo|x86.ActiveCfg = RelWithDebInfo|x64
		{0A922446-A1A0-3BE2-800A-3D5979AD3E87}.RelWithDebInfo|x86.Build.0 = RelWithDebInfo|x64
		{5BDA31F6-C3E6-3F78-8EA5-AB79837C169F}.Debug|x64.ActiveCfg = Debug|x64
		{5BDA31F6-C3E6-3F78-8EA5-AB79837C169F}.Debug|x86.ActiveCfg = Debug|x64
		{5BDA31F6-C3E6-3F78-8EA5-AB79837C169F}.Debug|x86.Build.0 = Debug|x64
		{5BDA31F6-C3E6-3F78-8EA5-AB79837C169F}.MinSizeRel|x64.ActiveCfg = MinSizeRel|x64
		{5BDA31F6-C3E6-3F78-8EA5-AB79837C169F}.MinSizeRel|x86.ActiveCfg = MinSizeRel|x64
		{5BDA31F6-C3E6-3F78-8EA5-AB79837C169F}.MinSizeRel|x86.Build.0 = MinSizeRel|x64
		{5BDA31F6-C3E6-3F78-8EA5-AB79837C169F}.Release|x64.ActiveCfg = Release|x64
		{5BDA31F6-C3E6-3F78-8EA5-AB79837C169F}.Release|x86.ActiveCfg = Release|x64
		{5BDA31F6-C3E6-3F78-8EA5-AB79837C169F}.Release|x86.Build.0 = Release|x64
		{5BDA31F6-C3E6-3F78-8EA5-AB79837C169F}.RelWithDebInfo|x64.ActiveCfg = RelWithDebInfo|x64
		{5BDA31F6-C3E6-3F78-8EA5-AB79837C169F}.RelWithDebInfo|x86.ActiveCfg = RelWithDebInfo|x64
		{5BDA31F6-C3E6-3F78-8EA5-AB79837C169F}.RelWithDebInfo|x86.Build.0 = RelWithDebInfo|x64
		{81002CD8-DF0B-3A1B-81A6-15BE0E02EEED}.Debug|x64.ActiveCfg = Debug|x64
		{81002CD8-DF0B-3A1B-81A6-15BE0E02EEED}.Debug|x64.Build.0 = Debug|x64
		{81002CD8-DF0B-3A1B-81A6-15BE0E02EEED}.Debug|x86.ActiveCfg = Debug|x64
		{81002CD8-DF0B-3A1B-81A6-15BE0E02EEED}.Debug|x86.Build.0 = Debug|x64
		{81002CD8-DF0B-3A1B-81A6-15BE0E02EEED}.MinSizeRel|x64.ActiveCfg = MinSizeRel|x64
		{81002CD8-DF0B-3A1B-81A6-15BE0E02EEED}.MinSizeRel|x64.Build.0 = MinSizeRel|x64
		{81002CD8-DF0B-3A1B-81A6-15BE0E02EEED}.MinSizeRel|x86.ActiveCfg = MinSizeRel|x64
		{81002CD8-DF0B-3A1B-81A6-15BE0E02EEED}.MinSizeRel|x86.Build.0 = MinSizeRel|x64
		{81002CD8-DF0B-3A1B-81A6-15BE0E02EEED}.Release|x64.ActiveCfg = Release|x64
		{81002CD8-DF0B-3A1B-81A6-15BE0E02EEED}.Release|x64.Build.0 = Release|x64
		{81002CD8-DF0B-3A1B-81A6-15BE0E02EEED}.Release|x86.ActiveCfg = Release|x64
		{81002CD8-DF0B-3A1B-81A6-15BE0E02EEED}.Release|x86.Build.0 = Release|x64
		{81002CD8-DF0B-3A1B-81A6-15BE0E02EEED}.RelWithDebInfo|x64.ActiveCfg = RelWithDebInfo|x64
		{81002CD8-DF0B-3A1B-81A6-15BE0E02EEED}.RelWithDebInfo|x64.Build.0 = RelWithDebInfo|x64
		{81002CD8-DF0B-3A1B-81A6-15BE0E02EEED}.RelWithDebInfo|x86.ActiveCfg = RelWithDebInfo|x64
		{81002CD8-DF0B-3A1B-81A6-15BE0E02EEED}.RelWithDebInfo|x86.Build.0 = RelWithDebInfo|x64
		{C2AA8808-7F47-3201-95C8-16D575AB9A6D}.Debug|x64.ActiveCfg = Debug|x64
		{C2AA8808-7F47-3201-95C8-16D575AB9A6D}.Debug|x86.ActiveCfg = Debug|x64
		{C2AA8808-7F47-3201-95C8-16D575AB9A6D}.Debug|x86.Build.0 = Debug|x64
		{C2AA8808-7F47-3201-95C8-16D575AB9A6D}.MinSizeRel|x64.ActiveCfg = MinSizeRel|x64
		{C2AA8808-7F47-3201-95C8-16D575AB9A6D}.MinSizeRel|x86.ActiveCfg = MinSizeRel|x64
		{C2AA8808-7F47-3201-95C8-16D575AB9A6D}.MinSizeRel|x86.Build.0 = MinSizeRel|x64
		{C2AA8808-7F47-3201-95C8-16D575AB9A6D}.Release|x64.ActiveCfg = Release|x64
		{C2AA8808-7F47-3201-95C8-16D575AB9A6D}.Release|x86.ActiveCfg = Release|x64
		{C2AA8808-7F47-3201-95C8-16D575AB9A6D}.Release|x86.Build.0 = Release|x64
		{C2AA8808-7F47-3201-95C8-16D575AB9A6D}.RelWithDebInfo|x64.ActiveCfg = RelWithDebInfo|x64
		{C2AA8808-7F47-3201-95C8-16D575AB9A6D}.RelWithDebInfo|x86.ActiveCfg = RelWithDebInfo|x64
		{C2AA8808-7F47-3201-95C8-16D575AB9A6D}.RelWithDebInfo|x86.Build.0 = RelWithDebInfo|x64
		{DC67F684-402F-32DC-BB23-FBE72640F7C2}.Debug|x64.ActiveCfg = Debug|x64
		{DC67F684-402F-32DC-BB23-FBE72640F7C2}.Debug|x64.Build.0 = Debug|x64
		{DC67F684-402F-32DC-BB23-FBE72640F7C2}.Debug|x86.ActiveCfg = Debug|x64
		{DC67F684-402F-32DC-BB23-FBE72640F7C2}.Debug|x86.Build.0 = Debug|x64
		{DC67F684-402F-32DC-BB23-FBE72640F7C2}.MinSizeRel|x64.ActiveCfg = MinSizeRel|x64
		{DC67F684-402F-32DC-BB23-FBE72640F7C2}.MinSizeRel|x64.Build.0 = MinSizeRel|x64
		{DC67F684-402F-32DC-BB23-FBE72640F7C2}.MinSizeRel|x86.ActiveCfg = MinSizeRel|x64
		{DC67F684-402F-32DC-BB23-FBE72640F7C2}.MinSizeRel|x86.Build.0 = MinSizeRel|x64
		{DC67F684-402F-32DC-BB23-FBE72640F7C2}.Release|x64.ActiveCfg = Release|x64
		{DC67F684-402F-32DC-BB23-FBE72640F7C2}.Release|x64.Build.0 = Release|x64
		{DC67F684-402F-32DC-BB23-FBE72640F7C2}.Release|x86.ActiveCfg = Release|x64
		{DC67F684-402F-32DC-BB23-FBE72640F7C2}.Release|x86.Build.0 = Release|x64
		{DC67F684-402F-32DC-BB23-FBE72640F7C2}.RelWithDebInfo|x64.ActiveCfg = RelWithDebInfo|x64
		{DC67F684-402F-32DC-BB23-FBE72640F7C2}.RelWithDebInfo|x64.Build.0 = RelWithDebInfo|x64
		{DC67F684-402F-32DC-BB23-FBE72640F7C2}.RelWithDebInfo|x86.ActiveCfg = RelWithDebInfo|x64
		{DC67F684-402F-32DC-BB23-FBE72640F7C2}.RelWithDebInfo|x86.Build.0 = RelWithDebInfo|x64
		{1924F8A7-17AF-3219-B656-44D7F646AAAE}.Debug|x64.ActiveCfg = Debug|x64
		{1924F8A7-17AF-3219-B656-44D7F646AAAE}.Debug|x86.ActiveCfg = Debug|x64
		{1924F8A7-17AF-3219-B656-44D7F646AAAE}.Debug|x86.Build.0 = Debug|x64
		{1924F8A7-17AF-3219-B656-44D7F646AAAE}.MinSizeRel|x64.ActiveCfg = MinSizeRel|x64
		{1924F8A7-17AF-3219-B656-44D7F646AAAE}.MinSizeRel|x86.ActiveCfg = MinSizeRel|x64
		{1924F8A7-17AF-3219-B656-44D7F646AAAE}.MinSizeRel|x86.Build.0 = MinSizeRel|x64
		{1924F8A7-17AF-3219-B656-44D7F646AAAE}.Release|x64.ActiveCfg = Release|x64
		{1924F8A7-17AF-3219-B656-44D7F646AAAE}.Release|x86.ActiveCfg = Release|x64
		{1924F8A7-17AF-3219-B656-44D7F646AAAE}.Release|x86.Build.0 = Release|x64
		{1924F8A7-17AF-3219-B656-44D7F646AAAE}.RelWithDebInfo|x64.ActiveCfg = RelWithDebInfo|x64
		{1924F8A7-17AF-3219-B656-44D7F646AAAE}.RelWithDebInfo|x86.ActiveCfg = RelWithDebInfo|x64
		{1924F8A7-17AF-3219-B656-44D7F646AAAE}.RelWithDebInfo|x86.Build.0 = RelWithDebInfo|x64
		{253AFEB2-EB9B-3444-9FEE-4538E9572A09}.Debug|x64.ActiveCfg = Debug|x64
		{253AFEB2-EB9B-3444-9FEE-4538E9572A09}.Debug|x64.Build.0 = Debug|x64
		{253AFEB2-EB9B-3444-9FEE-4538E9572A09}.Debug|x86.ActiveCfg = Debug|x64
		{253AFEB2-EB9B-3444-9FEE-4538E9572A09}.Debug|x86.Build.0 = Debug|x64
		{253AFEB2-EB9B-3444-9FEE-4538E9572A09}.MinSizeRel|x64.ActiveCfg = MinSizeRel|x64
		{253AFEB2-EB9B-3444-9FEE-4538E9572A09}.MinSizeRel|x64.Build.0 = MinSizeRel|x64
		{253AFEB2-EB9B-3444-9FEE-4538E9572A09}.MinSizeRel|x86.ActiveCfg = MinSizeRel|x64
		{253AFEB2-EB9B-3444-9FEE-4538E9572A09}.MinSizeRel|x86.Build.0 = MinSizeRel|x64
		{253AFEB2-EB9B-3444-9FEE-4538E9572A09}.Release|x64.ActiveCfg = Release|x64
		{253AFEB2-EB9B-3444-9FEE-4538E9572A09}.Release|x64.Build.0 = Release|x64
		{253AFEB2-EB9B-3444-9FEE-4538E9572A09}.Release|x86.ActiveCfg = Release|x64
		{253AFEB2-EB9B-3444-9FEE-4538E9572A09}.Release|x86.Build.0 = Release|x64
		{253AFEB2-EB9B-3444-9FEE-4538E9572A09}.RelWithDebInfo|x64.ActiveCfg = RelWithDebInfo|x64
		{253AFEB2-EB9B-3444-9FEE-4538E9572A09}.RelWithDebInfo|x64.Build.0 = RelWithDebInfo|x64
		{253AFEB2-EB9B-3444-9FEE-4538E9572A09}.RelWithDebInfo|x86.ActiveCfg = RelWithDebInfo|x64
		{253AFEB2-EB9B-3444-9FEE-4538E9572A09}.RelWithDebInfo|x86.Build.0 = RelWithDebInfo|x64
		{F63A2567-952B-3A23-9CD9-EB8B3847E35A}.Debug|x64.ActiveCfg = Debug|x64
		{F63A2567-952B-3A23-9CD9-EB8B3847E35A}.Debug|x86.ActiveCfg = Debug|x64
		{F63A2567-952B-3A23-9CD9-EB8B3847E35A}.Debug|x86.Build.0 = Debug|x64
		{F63A2567-952B-3A23-9CD9-EB8B3847E35A}.MinSizeRel|x64.ActiveCfg = MinSizeRel|x64
		{F63A2567-952B-3A23-9CD9-EB8B3847E35A}.MinSizeRel|x86.ActiveCfg = MinSizeRel|x64
		{F63A2567-952B-3A23-9CD9-EB8B3847E35A}.MinSizeRel|x86.Build.0 = MinSizeRel|x64
		{F63A2567-952B-3A23-9CD9-EB8B3847E35A}.Release|x64.ActiveCfg = Release|x64
		{F63A2567-952B-3A23-9CD9-EB8B3847E35A}.Release|x86.ActiveCfg = Release|x64
		{F63A2567-952B-3A23-9CD9-EB8B3847E35A}.Release|x86.Build.0 = Release|x64
		{F63A2567-952B-3A23-9CD9-EB8B3847E35A}.RelWithDebInfo|x64.ActiveCfg = RelWithDebInfo|x64
		{F63A2567-952B-3A23-9CD9-EB8B3847E35A}.RelWithDebInfo|x86.ActiveCfg = RelWithDebInfo|x64
		{F63A2567-952B-3A23-9CD9-EB8B3847E35A}.RelWithDebInfo|x86.Build.0 = RelWithDebInfo|x64
		{767BF84D-1AC4-3884-ADE8-D98245D5671A}.Debug|x64.ActiveCfg = Debug|x64
		{767BF84D-1AC4-3884-ADE8-D98245D5671A}.Debug|x64.Build.0 = Debug|x64
		{767BF84D-1AC4-3884-ADE8-D98245D5671A}.Debug|x86.ActiveCfg = Debug|x64
		{767BF84D-1AC4-3884-ADE8-D98245D5671A}.Debug|x86.Build.0 = Debug|x64
		{767BF84D-1AC4-3884-ADE8-D98245D5671A}.MinSizeRel|x64.ActiveCfg = MinSizeRel|x64
		{767BF84D-1AC4-3884-ADE8-D98245D5671A}.MinSizeRel|x64.Build.0 = MinSizeRel|x64
		{767BF84D-1AC4-3884-ADE8-D98245D5671A}.MinSizeRel|x86.ActiveCfg = MinSizeRel|x64
		{767BF84D-1AC4-3884-ADE8-D98245D5671A}.MinSizeRel|x86.Build.0 = MinSizeRel|x64
		{767BF84D-1AC4-3884-ADE8-D98245D5671A}.Release|x64.ActiveCfg = Release|x64
		{767BF84D-1AC4-3884-ADE8-D98245D5671A}.Release|x64.Build.0 = Release|x64
		{767BF84D-1AC4-3884-ADE8-D98245D5671A}.Release|x86.ActiveCfg = Release|x64
		{767BF84D-1AC4-3884-ADE8-D98245D5671A}.Release|x86.Build.0 = Release|x64
		{767BF84D-1AC4-3884-ADE8-D98245D5671A}.RelWithDebInfo|x64.ActiveCfg = RelWithDebInfo|x64
		{767BF84D-1AC4-3884-ADE8-D98245D5671A}.RelWithDebInfo|x64.Build.0 = RelWithDebInfo|x64
		{767BF84D-1AC4-3884-ADE8-D98245D5671A}.RelWithDebInfo|x86.ActiveCfg = RelWithDebInfo|x64
		{767BF84D-1AC4-3884-ADE8-D98245D5671A}.RelWithDebInfo|x86.Build.0 = RelWithDebInfo|x64
		{329A7327-806B-3903-9697-FF5621628E4D}.Debug|x64.ActiveCfg = Debug|x64
		{329A7327-806B-3903-9697-FF5621628E4D}.Debug|x86.ActiveCfg = Debug|x64
		{329A7327-806B-3903-9697-FF5621628E4D}.Debug|x86.Build.0 = Debug|x64
		{329A7327-806B-3903-9697-FF5621628E4D}.MinSizeRel|x64.ActiveCfg = MinSizeRel|x64
		{329A7327-806B-3903-9697-FF5621628E4D}.MinSizeRel|x86.ActiveCfg = MinSizeRel|x64
		{329A7327-806B-3903-9697-FF5621628E4D}.MinSizeRel|x86.Build.0 = MinSizeRel|x64
		{329A7327-806B-3903-9697-FF5621628E4D}.Release|x64.ActiveCfg = Release|x64
		{329A7327-806B-3903-9697-FF5621628E4D}.Release|x86.ActiveCfg = Release|x64
		{329A7327-806B-3903-9697-FF5621628E4D}.Release|x86.Build.0 = Release|x64
		{329A7327-806B-3903-9697-FF5621628E4D}.RelWithDebInfo|x64.ActiveCfg = RelWithDebInfo|x64
		{329A7327-806B-3903-9697-FF5621628E4D}.RelWithDebInfo|x86.ActiveCfg = RelWithDebInfo|x64
		{329A7327-806B-3903-9697-FF5621628E4D}.RelWithDebInfo|x86.Build.0 = RelWithDebInfo|x64
		{21632116-4FB8-39FB-AB5A-9623AEA3B9B0}.Debug|x64.ActiveCfg = Debug|x64
		{21632116-4FB8-39FB-AB5A-9623AEA3B9B0}.Debug|x64.Build.0 = Debug|x64
		{21632116-4FB8-39FB-AB5A-9623AEA3B9B0}.Debug|x86.ActiveCfg = Debug|x64
		{21632116-4FB8-39FB-AB5A-9623AEA3B9B0}.Debug|x86.Build.0 = Debug|x64
		{21632116-4FB8-39FB-AB5A-9623AEA3B9B0}.MinSizeRel|x64.ActiveCfg = MinSizeRel|x64
		{21632116-4FB8-39FB-AB5A-9623AEA3B9B0}.MinSizeRel|x64.Build.0 = MinSizeRel|x64
		{21632116-4FB8-39FB-AB5A-9623AEA3B9B0}.MinSizeRel|x86.ActiveCfg = MinSizeRel|x64
		{21632116-4FB8-39FB-AB5A-9623AEA3B9B0}.MinSizeRel|x86.Build.0 = MinSizeRel|x64
		{21632116-4FB8-39FB-AB5A-9623AEA3B9B0}.Release|x64.ActiveCfg = Release|x64
		{21632116-4FB8-39FB-AB5A-9623AEA3B9B0}.Release|x64.Build.0 = Release|x64
		{21632116-4FB8-39FB-AB5A-9623AEA3B9B0}.Release|x86.ActiveCfg = Release|x64
		{21632116-4FB8-39FB-AB5A-9623AEA3B9B0}.Release|x86.Build.0 = Release|x64
		{21632116-4FB8-39FB-AB5A-9623AEA3B9B0}.RelWithDebInfo|x64.ActiveCfg = RelWithDebInfo|x64
		{21632116-4FB8-39FB-AB5A-9623AEA3B9B0}.RelWithDebInfo|x64.Build.0 = RelWithDebInfo|x64
		{21632116-4FB8-39FB-AB5A-9623AEA3B9B0}.RelWithDebInfo|x86.ActiveCfg = RelWithDebInfo|x64
		{21632116-4FB8-39FB-AB5A-9623AEA3B9B0}.RelWithDebInfo|x86.Build.0 = RelWithDebInfo|x64
		{719BAC9C-8064-32A6-8ED0-EED5FBADE980}.Debug|x64.ActiveCfg = Debug|x64
		{719BAC9C-8064-32A6-8ED0-EED5FBADE980}.Debug|x86.ActiveCfg = Debug|x64
		{719BAC9C-8064-32A6-8ED0-EED5FBADE980}.Debug|x86.Build.0 = Debug|x64
		{719BAC9C-8064-32A6-8ED0-EED5FBADE980}.MinSizeRel|x64.ActiveCfg = MinSizeRel|x64
		{719BAC9C-8064-32A6-8ED0-EED5FBADE980}.MinSizeRel|x86.ActiveCfg = MinSizeRel|x64
		{719BAC9C-8064-32A6-8ED0-EED5FBADE980}.MinSizeRel|x86.Build.0 = MinSizeRel|x64
		{719BAC9C-8064-32A6-8ED0-EED5FBADE980}.Release|x64.ActiveCfg = Release|x64
		{719BAC9C-8064-32A6-8ED0-EED5FBADE980}.Release|x86.ActiveCfg = Release|x64
		{719BAC9C-8064-32A6-8ED0-EED5FBADE980}.Release|x86.Build.0 = Release|x64
		{719BAC9C-8064-32A6-8ED0-EED5FBADE980}.RelWithDebInfo|x64.ActiveCfg = RelWithDebInfo|x64
		{719BAC9C-8064-32A6-8ED0-EED5FBADE980}.RelWithDebInfo|x86.ActiveCfg = RelWithDebInfo|x64
		{719BAC9C-8064-32A6-8ED0-EED5FBADE980}.RelWithDebInfo|x86.Build.0 = RelWithDebInfo|x64
		{D3267981-5EA6-3E07-9FCF-796EF9F83C29}.Debug|x64.ActiveCfg = Debug|x64
		{D3267981-5EA6-3E07-9FCF-796EF9F83C29}.Debug|x64.Build.0 = Debug|x64
		{D3267981-5EA6-3E07-9FCF-796EF9F83C29}.Debug|x86.ActiveCfg = Debug|x64
		{D3267981-5EA6-3E07-9FCF-796EF9F83C29}.Debug|x86.Build.0 = Debug|x64
		{D3267981-5EA6-3E07-9FCF-796EF9F83C29}.MinSizeRel|x64.ActiveCfg = MinSizeRel|x64
		{D3267981-5EA6-3E07-9FCF-796EF9F83C29}.MinSizeRel|x64.Build.0 = MinSizeRel|x64
		{D3267981-5EA6-3E07-9FCF-796EF9F83C29}.MinSizeRel|x86.ActiveCfg = MinSizeRel|x64
		{D3267981-5EA6-3E07-9FCF-796EF9F83C29}.MinSizeRel|x86.Build.0 = MinSizeRel|x64
		{D3267981-5EA6-3E07-9FCF-796EF9F83C29}.Release|x64.ActiveCfg = Release|x64
		{D3267981-5EA6-3E07-9FCF-796EF9F83C29}.Release|x64.Build.0 = Release|x64
		{D3267981-5EA6-3E07-9FCF-796EF9F83C29}.Release|x86.ActiveCfg = Release|x64
		{D3267981-5EA6-3E07-9FCF-796EF9F83C29}.Release|x86.Build.0 = Release|x64
		{D3267981-5EA6-3E07-9FCF-796EF9F83C29}.RelWithDebInfo|x64.ActiveCfg = RelWithDebInfo|x64
		{D3267981-5EA6-3E07-9FCF-796EF9F83C29}.RelWithDebInfo|x64.Build.0 = RelWithDebInfo|x64
		{D3267981-5EA6-3E07-9FCF-796EF9F83C29}.RelWithDebInfo|x86.ActiveCfg = RelWithDebInfo|x64
		{D3267981-5EA6-3E07-9FCF-796EF9F83C29}.RelWithDebInfo|x86.Build.0 = RelWithDebInfo|x64
		{C135A65C-1A74-3737-9E6D-78A0BB47D200}.Debug|x64.ActiveCfg = Debug|x64
		{C135A65C-1A74-3737-9E6D-78A0BB47D200}.Debug|x86.ActiveCfg = Debug|x64
		{C135A65C-1A74-3737-9E6D-78A0BB47D200}.Debug|x86.Build.0 = Debug|x64
		{C135A65C-1A74-3737-9E6D-78A0BB47D200}.MinSizeRel|x64.ActiveCfg = MinSizeRel|x64
		{C135A65C-1A74-3737-9E6D-78A0BB47D200}.MinSizeRel|x86.ActiveCfg = MinSizeRel|x64
		{C135A65C-1A74-3737-9E6D-78A0BB47D200}.MinSizeRel|x86.Build.0 = MinSizeRel|x64
		{C135A65C-1A74-3737-9E6D-78A0BB47D200}.Release|x64.ActiveCfg = Release|x64
		{C135A65C-1A74-3737-9E6D-78A0BB47D200}.Release|x86.ActiveCfg = Release|x64
		{C135A65C-1A74-3737-9E6D-78A0BB47D200}.Release|x86.Build.0 = Release|x64
		{C135A65C-1A74-3737-9E6D-78A0BB47D200}.RelWithDebInfo|x64.ActiveCfg = RelWithDebInfo|x64
		{C135A65C-1A74-3737-9E6D-78A0BB47D200}.RelWithDebInfo|x86.ActiveCfg = RelWithDebInfo|x64
		{C135A65C-1A74-3737-9E6D-78A0BB47D200}.RelWithDebInfo|x86.Build.0 = RelWithDebInfo|x64
		{11DD6D86-4AE6-37C5-8929-F49E228519DF}.Debug|x64.ActiveCfg = Debug|x64
		{11DD6D86-4AE6-37C5-8929-F49E228519DF}.Debug|x64.Build.0 = Debug|x64
		{11DD6D86-4AE6-37C5-8929-F49E228519DF}.Debug|x86.ActiveCfg = Debug|x64
		{11DD6D86-4AE6-37C5-8929-F49E228519DF}.Debug|x86.Build.0 = Debug|x64
		{11DD6D86-4AE6-37C5-8929-F49E228519DF}.MinSizeRel|x64.ActiveCfg = MinSizeRel|x64
		{11DD6D86-4AE6-37C5-8929-F49E228519DF}.MinSizeRel|x64.Build.0 = MinSizeRel|x64
		{11DD6D86-4AE6-37C5-8929-F49E228519DF}.MinSizeRel|x86.ActiveCfg = MinSizeRel|x64
		{11DD6D86-4AE6-37C5-8929-F49E228519DF}.MinSizeRel|x86.Build.0 = MinSizeRel|x64
		{11DD6D86-4AE6-37C5-8929-F49E228519DF}.Release|x64.ActiveCfg = Release|x64
		{11DD6D86-4AE6-37C5-8929-F49E228519DF}.Release|x64.Build.0 = Release|x64
		{11DD6D86-4AE6-37C5-8929-F49E228519DF}.Release|x86.ActiveCfg = Release|x64
		{11DD6D86-4AE6-37C5-8929-F49E228519DF}.Release|x86.Build.0 = Release|x64
		{11DD6D86-4AE6-37C5-8929-F49E228519DF}.RelWithDebInfo|x64.ActiveCfg = RelWithDebInfo|x64
		{11DD6D86-4AE6-37C5-8929-F49E228519DF}.RelWithDebInfo|x64.Build.0 = RelWithDebInfo|x64
		{11DD6D86-4AE6-37C5-8929-F49E228519DF}.RelWithDebInfo|x86.ActiveCfg = RelWithDebInfo|x64
		{11DD6D86-4AE6-37C5-8929-F49E228519DF}.RelWithDebInfo|x86.Build.0 = RelWithDebInfo|x64
		{27E620D8-3039-3222-8214-C96885639A1F}.Debug|x64.ActiveCfg = Debug|x64
		{27E620D8-3039-3222-8214-C96885639A1F}.Debug|x86.ActiveCfg = Debug|x64
		{27E620D8-3039-3222-8214-C96885639A1F}.Debug|x86.Build.0 = Debug|x64
		{27E620D8-3039-3222-8214-C96885639A1F}.MinSizeRel|x64.ActiveCfg = MinSizeRel|x64
		{27E620D8-3039-3222-8214-C96885639A1F}.MinSizeRel|x86.ActiveCfg = MinSizeRel|x64
		{27E620D8-3039-3222-8214-C96885639A1F}.MinSizeRel|x86.Build.0 = MinSizeRel|x64
		{27E620D8-3039-3222-8214-C96885639A1F}.Release|x64.ActiveCfg = Release|x64
		{27E620D8-3039-3222-8214-C96885639A1F}.Release|x86.ActiveCfg = Release|x64
		{27E620D8-3039-3222-8214-C96885639A1F}.Release|x86.Build.0 = Release|x64
		{27E620D8-3039-3222-8214-C96885639A1F}.RelWithDebInfo|x64.ActiveCfg = RelWithDebInfo|x64
		{27E620D8-3039-3222-8214-C96885639A1F}.RelWithDebInfo|x86.ActiveCfg = RelWithDebInfo|x64
		{27E620D8-3039-3222-8214-C96885639A1F}.RelWithDebInfo|x86.Build.0 = RelWithDebInfo|x64
		{DC645478-CBDE-39F5-A297-B30243731512}.Debug|x64.ActiveCfg = Debug|x64
		{DC645478-CBDE-39F5-A297-B30243731512}.Debug|x64.Build.0 = Debug|x64
		{DC645478-CBDE-39F5-A297-B30243731512}.Debug|x86.ActiveCfg = Debug|x64
		{DC645478-CBDE-39F5-A297-B30243731512}.Debug|x86.Build.0 = Debug|x64
		{DC645478-CBDE-39F5-A297-B30243731512}.MinSizeRel|x64.ActiveCfg = MinSizeRel|x64
		{DC645478-CBDE-39F5-A297-B30243731512}.MinSizeRel|x64.Build.0 = MinSizeRel|x64
		{DC645478-CBDE-39F5-A297-B30243731512}.MinSizeRel|x86.ActiveCfg = MinSizeRel|x64
		{DC645478-CBDE-39F5-A297-B30243731512}.MinSizeRel|x86.Build.0 = MinSizeRel|x64
		{DC645478-CBDE-39F5-A297-B30243731512}.Release|x64.ActiveCfg = Release|x64
		{DC645478-CBDE-39F5-A297-B30243731512}.Release|x64.Build.0 = Release|x64
		{DC645478-CBDE-39F5-A297-B30243731512}.Release|x86.ActiveCfg = Release|x64
		{DC645478-CBDE-39F5-A297-B30243731512}.Release|x86.Build.0 = Release|x64
		{DC645478-CBDE-39F5-A297-B30243731512}.RelWithDebInfo|x64.ActiveCfg = RelWithDebInfo|x64
		{DC645478-CBDE-39F5-A297-B30243731512}.RelWithDebInfo|x64.Build.0 = RelWithDebInfo|x64
		{DC645478-CBDE-39F5-A297-B30243731512}.RelWithDebInfo|x86.ActiveCfg = RelWithDebInfo|x64
		{DC645478-CBDE-39F5-A297-B30243731512}.RelWithDebInfo|x86.Build.0 = RelWithDebInfo|x64
		{197A682A-3791-308A-B20E-07E0C93CE883}.Debug|x64.ActiveCfg = Debug|x64
		{197A682A-3791-308A-B20E-07E0C93CE883}.Debug|x86.ActiveCfg = Debug|x64
		{197A682A-3791-308A-B20E-07E0C93CE883}.Debug|x86.Build.0 = Debug|x64
		{197A682A-3791-308A-B20E-07E0C93CE883}.MinSizeRel|x64.ActiveCfg = MinSizeRel|x64
		{197A682A-3791-308A-B20E-07E0C93CE883}.MinSizeRel|x86.ActiveCfg = MinSizeRel|x64
		{197A682A-3791-308A-B20E-07E0C93CE883}.MinSizeRel|x86.Build.0 = MinSizeRel|x64
		{197A682A-3791-308A-B20E-07E0C93CE883}.Release|x64.ActiveCfg = Release|x64
		{197A682A-3791-308A-B20E-07E0C93CE883}.Release|x86.ActiveCfg = Release|x64
		{197A682A-3791-308A-B20E-07E0C93CE883}.Release|x86.Build.0 = Release|x64
		{197A682A-3791-308A-B20E-07E0C93CE883}.RelWithDebInfo|x64.ActiveCfg = RelWithDebInfo|x64
		{197A682A-3791-308A-B20E-07E0C93CE883}.RelWithDebInfo|x86.ActiveCfg = RelWithDebInfo|x64
		{197A682A-3791-308A-B20E-07E0C93CE883}.RelWithDebInfo|x86.Build.0 = RelWithDebInfo|x64
		{169DE3F1-0315-30A9-B4F6-FC033D8CD55E}.Debug|x64.ActiveCfg = Debug|x64
		{169DE3F1-0315-30A9-B4F6-FC033D8CD55E}.Debug|x64.Build.0 = Debug|x64
		{169DE3F1-0315-30A9-B4F6-FC033D8CD55E}.Debug|x86.ActiveCfg = Debug|x64
		{169DE3F1-0315-30A9-B4F6-FC033D8CD55E}.Debug|x86.Build.0 = Debug|x64
		{169DE3F1-0315-30A9-B4F6-FC033D8CD55E}.MinSizeRel|x64.ActiveCfg = MinSizeRel|x64
		{169DE3F1-0315-30A9-B4F6-FC033D8CD55E}.MinSizeRel|x64.Build.0 = MinSizeRel|x64
		{169DE3F1-0315-30A9-B4F6-FC033D8CD55E}.MinSizeRel|x86.ActiveCfg = MinSizeRel|x64
		{169DE3F1-0315-30A9-B4F6-FC033D8CD55E}.MinSizeRel|x86.Build.0 = MinSizeRel|x64
		{169DE3F1-0315-30A9-B4F6-FC033D8CD55E}.Release|x64.ActiveCfg = Release|x64
		{169DE3F1-0315-30A9-B4F6-FC033D8CD55E}.Release|x64.Build.0 = Release|x64
		{169DE3F1-0315-30A9-B4F6-FC033D8CD55E}.Release|x86.ActiveCfg = Release|x64
		{169DE3F1-0315-30A9-B4F6-FC033D8CD55E}.Release|x86.Build.0 = Release|x64
		{169DE3F1-0315-30A9-B4F6-FC033D8CD55E}.RelWithDebInfo|x64.ActiveCfg = RelWithDebInfo|x64
		{169DE3F1-0315-30A9-B4F6-FC033D8CD55E}.RelWithDebInfo|x64.Build.0 = RelWithDebInfo|x64
		{169DE3F1-0315-30A9-B4F6-FC033D8CD55E}.RelWithDebInfo|x86.ActiveCfg = RelWithDebInfo|x64
		{169DE3F1-0315-30A9-B4F6-FC033D8CD55E}.RelWithDebInfo|x86.Build.0 = RelWithDebInfo|x64
		{579A05BA-BD2D-36E9-91C3-90C5CC6B52FA}.Debug|x64.ActiveCfg = Debug|x64
		{579A05BA-BD2D-36E9-91C3-90C5CC6B52FA}.Debug|x86.ActiveCfg = Debug|x64
		{579A05BA-BD2D-36E9-91C3-90C5CC6B52FA}.Debug|x86.Build.0 = Debug|x64
		{579A05BA-BD2D-36E9-91C3-90C5CC6B52FA}.MinSizeRel|x64.ActiveCfg = MinSizeRel|x64
		{579A05BA-BD2D-36E9-91C3-90C5CC6B52FA}.MinSizeRel|x86.ActiveCfg = MinSizeRel|x64
		{579A05BA-BD2D-36E9-91C3-90C5CC6B52FA}.MinSizeRel|x86.Build.0 = MinSizeRel|x64
		{579A05BA-BD2D-36E9-91C3-90C5CC6B52FA}.Release|x64.ActiveCfg = Release|x64
		{579A05BA-BD2D-36E9-91C3-90C5CC6B52FA}.Release|x86.ActiveCfg = Release|x64
		{579A05BA-BD2D-36E9-91C3-90C5CC6B52FA}.Release|x86.Build.0 = Release|x64
		{579A05BA-BD2D-36E9-91C3-90C5CC6B52FA}.RelWithDebInfo|x64.ActiveCfg = RelWithDebInfo|x64
		{579A05BA-BD2D-36E9-91C3-90C5CC6B52FA}.RelWithDebInfo|x86.ActiveCfg = RelWithDebInfo|x64
		{579A05BA-BD2D-36E9-91C3-90C5CC6B52FA}.RelWithDebInfo|x86.Build.0 = RelWithDebInfo|x64
		{32D0C42A-9C57-382C-8098-E28CB1B995FD}.Debug|x64.ActiveCfg = Debug|x64
		{32D0C42A-9C57-382C-8098-E28CB1B995FD}.Debug|x64.Build.0 = Debug|x64
		{32D0C42A-9C57-382C-8098-E28CB1B995FD}.Debug|x86.ActiveCfg = Debug|x64
		{32D0C42A-9C57-382C-8098-E28CB1B995FD}.Debug|x86.Build.0 = Debug|x64
		{32D0C42A-9C57-382C-8098-E28CB1B995FD}.MinSizeRel|x64.ActiveCfg = MinSizeRel|x64
		{32D0C42A-9C57-382C-8098-E28CB1B995FD}.MinSizeRel|x64.Build.0 = MinSizeRel|x64
		{32D0C42A-9C57-382C-8098-E28CB1B995FD}.MinSizeRel|x86.ActiveCfg = MinSizeRel|x64
		{32D0C42A-9C57-382C-8098-E28CB1B995FD}.MinSizeRel|x86.Build.0 = MinSizeRel|x64
		{32D0C42A-9C57-382C-8098-E28CB1B995FD}.Release|x64.ActiveCfg = Release|x64
		{32D0C42A-9C57-382C-8098-E28CB1B995FD}.Release|x64.Build.0 = Release|x64
		{32D0C42A-9C57-382C-8098-E28CB1B995FD}.Release|x86.ActiveCfg = Release|x64
		{32D0C42A-9C57-382C-8098-E28CB1B995FD}.Release|x86.Build.0 = Release|x64
		{32D0C42A-9C57-382C-8098-E28CB1B995FD}.RelWithDebInfo|x64.ActiveCfg = RelWithDebInfo|x64
		{32D0C42A-9C57-382C-8098-E28CB1B995FD}.RelWithDebInfo|x64.Build.0 = RelWithDebInfo|x64
		{32D0C42A-9C57-382C-8098-E28CB1B995FD}.RelWithDebInfo|x86.ActiveCfg = RelWithDebInfo|x64
		{32D0C42A-9C57-382C-8098-E28CB1B995FD}.RelWithDebInfo|x86.Build.0 = RelWithDebInfo|x64
		{AA866461-01C3-34D0-9044-0913215D3B5E}.Debug|x64.ActiveCfg = Debug|x64
		{AA866461-01C3-34D0-9044-0913215D3B5E}.Debug|x86.ActiveCfg = Debug|x64
		{AA866461-01C3-34D0-9044-0913215D3B5E}.Debug|x86.Build.0 = Debug|x64
		{AA866461-01C3-34D0-9044-0913215D3B5E}.MinSizeRel|x64.ActiveCfg = MinSizeRel|x64
		{AA866461-01C3-34D0-9044-0913215D3B5E}.MinSizeRel|x86.ActiveCfg = MinSizeRel|x64
		{AA866461-01C3-34D0-9044-0913215D3B5E}.MinSizeRel|x86.Build.0 = MinSizeRel|x64
		{AA866461-01C3-34D0-9044-0913215D3B5E}.Release|x64.ActiveCfg = Release|x64
		{AA866461-01C3-34D0-9044-0913215D3B5E}.Release|x86.ActiveCfg = Release|x64
		{AA866461-01C3-34D0-9044-0913215D3B5E}.Release|x86.Build.0 = Release|x64
		{AA866461-01C3-34D0-9044-0913215D3B5E}.RelWithDebInfo|x64.ActiveCfg = RelWithDebInfo|x64
		{AA866461-01C3-34D0-9044-0913215D3B5E}.RelWithDebInfo|x86.ActiveCfg = RelWithDebInfo|x64
		{AA866461-01C3-34D0-9044-0913215D3B5E}.RelWithDebInfo|x86.Build.0 = RelWithDebInfo|x64
		{1C1F110F-1312-3D9A-85C6-84C7FD2F4A4B}.Debug|x64.ActiveCfg = Debug|x64
		{1C1F110F-1312-3D9A-85C6-84C7FD2F4A4B}.Debug|x86.ActiveCfg = Debug|x64
		{1C1F110F-1312-3D9A-85C6-84C7FD2F4A4B}.Debug|x86.Build.0 = Debug|x64
		{1C1F110F-1312-3D9A-85C6-84C7FD2F4A4B}.MinSizeRel|x64.ActiveCfg = MinSizeRel|x64
		{1C1F110F-1312-3D9A-85C6-84C7FD2F4A4B}.MinSizeRel|x86.ActiveCfg = MinSizeRel|x64
		{1C1F110F-1312-3D9A-85C6-84C7FD2F4A4B}.MinSizeRel|x86.Build.0 = MinSizeRel|x64
		{1C1F110F-1312-3D9A-85C6-84C7FD2F4A4B}.Release|x64.ActiveCfg = Release|x64
		{1C1F110F-1312-3D9A-85C6-84C7FD2F4A4B}.Release|x86.ActiveCfg = Release|x64
		{1C1F110F-1312-3D9A-85C6-84C7FD2F4A4B}.Release|x86.Build.0 = Release|x64
		{1C1F110F-1312-3D9A-85C6-84C7FD2F4A4B}.RelWithDebInfo|x64.ActiveCfg = RelWithDebInfo|x64
		{1C1F110F-1312-3D9A-85C6-84C7FD2F4A4B}.RelWithDebInfo|x86.ActiveCfg = RelWithDebInfo|x64
		{1C1F110F-1312-3D9A-85C6-84C7FD2F4A4B}.RelWithDebInfo|x86.Build.0 = RelWithDebInfo|x64
		{B673C091-FE9D-403D-9CC0-B25E68E9FDC4}.Debug|x64.ActiveCfg = Debug|x64
		{B673C091-FE9D-403D-9CC0-B25E68E9FDC4}.Debug|x64.Build.0 = Debug|x64
		{B673C091-FE9D-403D-9CC0-B25E68E9FDC4}.Debug|x86.ActiveCfg = Debug|Win32
		{B673C091-FE9D-403D-9CC0-B25E68E9FDC4}.Debug|x86.Build.0 = Debug|Win32
		{B673C091-FE9D-403D-9CC0-B25E68E9FDC4}.MinSizeRel|x64.ActiveCfg = Debug|x64
		{B673C091-FE9D-403D-9CC0-B25E68E9FDC4}.MinSizeRel|x64.Build.0 = Debug|x64
		{B673C091-FE9D-403D-9CC0-B25E68E9FDC4}.MinSizeRel|x86.ActiveCfg = Debug|Win32
		{B673C091-FE9D-403D-9CC0-B25E68E9FDC4}.MinSizeRel|x86.Build.0 = Debug|Win32
		{B673C091-FE9D-403D-9CC0-B25E68E9FDC4}.Release|x64.ActiveCfg = Release|x64
		{B673C091-FE9D-403D-9CC0-B25E68E9FDC4}.Release|x64.Build.0 = Release|x64
		{B673C091-FE9D-403D-9CC0-B25E68E9FDC4}.Release|x86.ActiveCfg = Release|Win32
		{B673C091-FE9D-403D-9CC0-B25E68E9FDC4}.Release|x86.Build.0 = Release|Win32
		{B673C091-FE9D-403D-9CC0-B25E68E9FDC4}.RelWithDebInfo|x64.ActiveCfg = Release|x64
		{B673C091-FE9D-403D-9CC0-B25E68E9FDC4}.RelWithDebInfo|x64.Build.0 = Release|x64
		{B673C091-FE9D-403D-9CC0-B25E68E9FDC4}.RelWithDebInfo|x86.ActiveCfg = Release|Win32
		{B673C091-FE9D-403D-9CC0-B25E68E9FDC4}.RelWithDebInfo|x86.Build.0 = Release|Win32
	EndGlobalSection
	GlobalSection(SolutionProperties) = preSolution
		HideSolutionNode = FALSE
	EndGlobalSection
	GlobalSection(ExtensibilityGlobals) = postSolution
		SolutionGuid = {CAE55FBA-246B-3B43-AA98-10B15BEBDF83}
	EndGlobalSection
EndGlobal
